// !$*UTF8*$!
{
	archiveVersion = 1;
	classes = {
	};
	objectVersion = 46;
	objects = {

/* Begin PBXBuildFile section */
		0027320ED5E045F684D79E10 /* Pods_DouYuZB.framework in Frameworks */ = {isa = PBXBuildFile; fileRef = BAF27FDE4A8AF786C3F82EBC /* Pods_DouYuZB.framework */; };
		49AE95E719FC3DB0EE8266E5 /* Pods_DouYuZBUITests.framework in Frameworks */ = {isa = PBXBuildFile; fileRef = 18B7D1439B4B1A3A5E9DDE67 /* Pods_DouYuZBUITests.framework */; };
		DA2260291E06614200FB5B9D /* CollectionViewBaseCell.swift in Sources */ = {isa = PBXBuildFile; fileRef = DA2260281E06614200FB5B9D /* CollectionViewBaseCell.swift */; };
		DA22602B1E06638200FB5B9D /* RecommendCycleView.swift in Sources */ = {isa = PBXBuildFile; fileRef = DA22602A1E06638200FB5B9D /* RecommendCycleView.swift */; };
		DA22602D1E06638F00FB5B9D /* RecommendCycleView.xib in Resources */ = {isa = PBXBuildFile; fileRef = DA22602C1E06638F00FB5B9D /* RecommendCycleView.xib */; };
		DA22602F1E06B64600FB5B9D /* CycleModel.swift in Sources */ = {isa = PBXBuildFile; fileRef = DA22602E1E06B64600FB5B9D /* CycleModel.swift */; };
		DA2260321E06BA4A00FB5B9D /* CollectionViewCycleCell.swift in Sources */ = {isa = PBXBuildFile; fileRef = DA2260301E06BA4A00FB5B9D /* CollectionViewCycleCell.swift */; };
		DA2260331E06BA4A00FB5B9D /* CollectionViewCycleCell.xib in Resources */ = {isa = PBXBuildFile; fileRef = DA2260311E06BA4A00FB5B9D /* CollectionViewCycleCell.xib */; };
		DA2260351E06CC5000FB5B9D /* RecommendGameView.swift in Sources */ = {isa = PBXBuildFile; fileRef = DA2260341E06CC5000FB5B9D /* RecommendGameView.swift */; };
		DA2260371E06CC5C00FB5B9D /* RecommendGameView.xib in Resources */ = {isa = PBXBuildFile; fileRef = DA2260361E06CC5C00FB5B9D /* RecommendGameView.xib */; };
		DA22603A1E06D06800FB5B9D /* CollectionViewGameCell.swift in Sources */ = {isa = PBXBuildFile; fileRef = DA2260381E06D06800FB5B9D /* CollectionViewGameCell.swift */; };
		DA22603B1E06D06800FB5B9D /* CollectionViewGameCell.xib in Resources */ = {isa = PBXBuildFile; fileRef = DA2260391E06D06800FB5B9D /* CollectionViewGameCell.xib */; };
		DA257F021DCB6ED4000BD7B9 /* PageTitleView.swift in Sources */ = {isa = PBXBuildFile; fileRef = DA257F011DCB6ED4000BD7B9 /* PageTitleView.swift */; };
		DA257F041DCB70C1000BD7B9 /* Common.swift in Sources */ = {isa = PBXBuildFile; fileRef = DA257F031DCB70C1000BD7B9 /* Common.swift */; };
		DA257F061DCB7C4E000BD7B9 /* PageContentView.swift in Sources */ = {isa = PBXBuildFile; fileRef = DA257F051DCB7C4E000BD7B9 /* PageContentView.swift */; };
		DA257F081DCB7E53000BD7B9 /* UIColor-Extension.swift in Sources */ = {isa = PBXBuildFile; fileRef = DA257F071DCB7E53000BD7B9 /* UIColor-Extension.swift */; };
		DA2DFD181E0592A3001CD14E /* NSDate-Extension.swift in Sources */ = {isa = PBXBuildFile; fileRef = DA2DFD171E0592A3001CD14E /* NSDate-Extension.swift */; };
		DA2DFD1A1E059650001CD14E /* AnchorGroup.swift in Sources */ = {isa = PBXBuildFile; fileRef = DA2DFD191E059650001CD14E /* AnchorGroup.swift */; };
		DA2DFD1C1E059B3F001CD14E /* AnchorModel.swift in Sources */ = {isa = PBXBuildFile; fileRef = DA2DFD1B1E059B3F001CD14E /* AnchorModel.swift */; };
		DAA4A2971DCA55920093E4D4 /* AppDelegate.swift in Sources */ = {isa = PBXBuildFile; fileRef = DAA4A2961DCA55920093E4D4 /* AppDelegate.swift */; };
		DAA4A29C1DCA55920093E4D4 /* Main.storyboard in Resources */ = {isa = PBXBuildFile; fileRef = DAA4A29A1DCA55920093E4D4 /* Main.storyboard */; };
		DAA4A29E1DCA55920093E4D4 /* Assets.xcassets in Resources */ = {isa = PBXBuildFile; fileRef = DAA4A29D1DCA55920093E4D4 /* Assets.xcassets */; };
		DAA4A2A11DCA55920093E4D4 /* LaunchScreen.storyboard in Resources */ = {isa = PBXBuildFile; fileRef = DAA4A29F1DCA55920093E4D4 /* LaunchScreen.storyboard */; };
		DAA4A2AC1DCA55920093E4D4 /* DouYuZBTests.swift in Sources */ = {isa = PBXBuildFile; fileRef = DAA4A2AB1DCA55920093E4D4 /* DouYuZBTests.swift */; };
		DAA4A2B71DCA55920093E4D4 /* DouYuZBUITests.swift in Sources */ = {isa = PBXBuildFile; fileRef = DAA4A2B61DCA55920093E4D4 /* DouYuZBUITests.swift */; };
		DAA4A2CE1DCA6F100093E4D4 /* Live.storyboard in Resources */ = {isa = PBXBuildFile; fileRef = DAA4A2CD1DCA6F100093E4D4 /* Live.storyboard */; };
		DAA4A2D01DCA6F2E0093E4D4 /* Follow.storyboard in Resources */ = {isa = PBXBuildFile; fileRef = DAA4A2CF1DCA6F2E0093E4D4 /* Follow.storyboard */; };
		DAA4A2D31DCA6F460093E4D4 /* Profile.storyboard in Resources */ = {isa = PBXBuildFile; fileRef = DAA4A2D11DCA6F460093E4D4 /* Profile.storyboard */; };
		DAA4CBA61DCB019E00AD517B /* MainViewController.swift in Sources */ = {isa = PBXBuildFile; fileRef = DAA4CBA31DCB019E00AD517B /* MainViewController.swift */; };
		DAA4CBA81DCB01D100AD517B /* Home.storyboard in Resources */ = {isa = PBXBuildFile; fileRef = DAA4CBA71DCB01D100AD517B /* Home.storyboard */; };
		DAA4CBAA1DCB01FB00AD517B /* HomeViewController.swift in Sources */ = {isa = PBXBuildFile; fileRef = DAA4CBA91DCB01FB00AD517B /* HomeViewController.swift */; };
		DAA4CBAD1DCB107600AD517B /* UIBarButtonItem-Extension.swift in Sources */ = {isa = PBXBuildFile; fileRef = DAA4CBAC1DCB107600AD517B /* UIBarButtonItem-Extension.swift */; };
		DAC2B1241DDCA6E2009E2599 /* RecommendViewController.swift in Sources */ = {isa = PBXBuildFile; fileRef = DAC2B1231DDCA6E2009E2599 /* RecommendViewController.swift */; };
		DAC2B1271DDCB41C009E2599 /* CollectionHeaderView.swift in Sources */ = {isa = PBXBuildFile; fileRef = DAC2B1251DDCB41C009E2599 /* CollectionHeaderView.swift */; };
		DAC2B1281DDCB41C009E2599 /* CollectionHeaderView.xib in Resources */ = {isa = PBXBuildFile; fileRef = DAC2B1261DDCB41C009E2599 /* CollectionHeaderView.xib */; };
		DAC2B12B1DDCBA0C009E2599 /* CollectionViewNormalCell.swift in Sources */ = {isa = PBXBuildFile; fileRef = DAC2B1291DDCBA0C009E2599 /* CollectionViewNormalCell.swift */; };
		DAC2B12C1DDCBA0C009E2599 /* CollectionViewNormalCell.xib in Resources */ = {isa = PBXBuildFile; fileRef = DAC2B12A1DDCBA0C009E2599 /* CollectionViewNormalCell.xib */; };
		DAC2B12F1DDCC294009E2599 /* CollectionViewPrettyCell.swift in Sources */ = {isa = PBXBuildFile; fileRef = DAC2B12D1DDCC294009E2599 /* CollectionViewPrettyCell.swift */; };
		DAC2B1301DDCC294009E2599 /* CollectionViewPrettyCell.xib in Resources */ = {isa = PBXBuildFile; fileRef = DAC2B12E1DDCC294009E2599 /* CollectionViewPrettyCell.xib */; };
		DAEF8DB01DF704F600A65A3E /* NetworkTools.swift in Sources */ = {isa = PBXBuildFile; fileRef = DAEF8DAF1DF704F600A65A3E /* NetworkTools.swift */; };
		DAEF8DB31DF707C700A65A3E /* RecommendViewModel.swift in Sources */ = {isa = PBXBuildFile; fileRef = DAEF8DB21DF707C700A65A3E /* RecommendViewModel.swift */; };
		FAB90233AAF262B0DA6BC2A4 /* Pods_DouYuZBTests.framework in Frameworks */ = {isa = PBXBuildFile; fileRef = 05E3104F0A1421D140C13841 /* Pods_DouYuZBTests.framework */; };
/* End PBXBuildFile section */

/* Begin PBXContainerItemProxy section */
		DAA4A2A81DCA55920093E4D4 /* PBXContainerItemProxy */ = {
			isa = PBXContainerItemProxy;
			containerPortal = DAA4A28B1DCA55920093E4D4 /* Project object */;
			proxyType = 1;
			remoteGlobalIDString = DAA4A2921DCA55920093E4D4;
			remoteInfo = DouYuZB;
		};
		DAA4A2B31DCA55920093E4D4 /* PBXContainerItemProxy */ = {
			isa = PBXContainerItemProxy;
			containerPortal = DAA4A28B1DCA55920093E4D4 /* Project object */;
			proxyType = 1;
			remoteGlobalIDString = DAA4A2921DCA55920093E4D4;
			remoteInfo = DouYuZB;
		};
/* End PBXContainerItemProxy section */

/* Begin PBXFileReference section */
		05E3104F0A1421D140C13841 /* Pods_DouYuZBTests.framework */ = {isa = PBXFileReference; explicitFileType = wrapper.framework; includeInIndex = 0; path = Pods_DouYuZBTests.framework; sourceTree = BUILT_PRODUCTS_DIR; };
		1147911B19E3C08B9B8A5055 /* Pods-DouYuZBTests.release.xcconfig */ = {isa = PBXFileReference; includeInIndex = 1; lastKnownFileType = text.xcconfig; name = "Pods-DouYuZBTests.release.xcconfig"; path = "Pods/Target Support Files/Pods-DouYuZBTests/Pods-DouYuZBTests.release.xcconfig"; sourceTree = "<group>"; };
		18B7D1439B4B1A3A5E9DDE67 /* Pods_DouYuZBUITests.framework */ = {isa = PBXFileReference; explicitFileType = wrapper.framework; includeInIndex = 0; path = Pods_DouYuZBUITests.framework; sourceTree = BUILT_PRODUCTS_DIR; };
		1AF9154CAF5B0C2180231F41 /* Pods-DouYuZBUITests.release.xcconfig */ = {isa = PBXFileReference; includeInIndex = 1; lastKnownFileType = text.xcconfig; name = "Pods-DouYuZBUITests.release.xcconfig"; path = "Pods/Target Support Files/Pods-DouYuZBUITests/Pods-DouYuZBUITests.release.xcconfig"; sourceTree = "<group>"; };
		4200827628D835D9EF2FC8C6 /* Pods-DouYuZB.debug.xcconfig */ = {isa = PBXFileReference; includeInIndex = 1; lastKnownFileType = text.xcconfig; name = "Pods-DouYuZB.debug.xcconfig"; path = "Pods/Target Support Files/Pods-DouYuZB/Pods-DouYuZB.debug.xcconfig"; sourceTree = "<group>"; };
		5EFE97E8F86AD7E228BF29B9 /* Pods-DouYuZB.release.xcconfig */ = {isa = PBXFileReference; includeInIndex = 1; lastKnownFileType = text.xcconfig; name = "Pods-DouYuZB.release.xcconfig"; path = "Pods/Target Support Files/Pods-DouYuZB/Pods-DouYuZB.release.xcconfig"; sourceTree = "<group>"; };
		A6B48205DAA4DE885FF680DC /* Pods-DouYuZBTests.debug.xcconfig */ = {isa = PBXFileReference; includeInIndex = 1; lastKnownFileType = text.xcconfig; name = "Pods-DouYuZBTests.debug.xcconfig"; path = "Pods/Target Support Files/Pods-DouYuZBTests/Pods-DouYuZBTests.debug.xcconfig"; sourceTree = "<group>"; };
		B6C3D8D58F0AF8498E753876 /* Pods-DouYuZBUITests.debug.xcconfig */ = {isa = PBXFileReference; includeInIndex = 1; lastKnownFileType = text.xcconfig; name = "Pods-DouYuZBUITests.debug.xcconfig"; path = "Pods/Target Support Files/Pods-DouYuZBUITests/Pods-DouYuZBUITests.debug.xcconfig"; sourceTree = "<group>"; };
		BAF27FDE4A8AF786C3F82EBC /* Pods_DouYuZB.framework */ = {isa = PBXFileReference; explicitFileType = wrapper.framework; includeInIndex = 0; path = Pods_DouYuZB.framework; sourceTree = BUILT_PRODUCTS_DIR; };
		DA2260281E06614200FB5B9D /* CollectionViewBaseCell.swift */ = {isa = PBXFileReference; fileEncoding = 4; lastKnownFileType = sourcecode.swift; path = CollectionViewBaseCell.swift; sourceTree = "<group>"; };
		DA22602A1E06638200FB5B9D /* RecommendCycleView.swift */ = {isa = PBXFileReference; fileEncoding = 4; lastKnownFileType = sourcecode.swift; path = RecommendCycleView.swift; sourceTree = "<group>"; };
		DA22602C1E06638F00FB5B9D /* RecommendCycleView.xib */ = {isa = PBXFileReference; fileEncoding = 4; lastKnownFileType = file.xib; path = RecommendCycleView.xib; sourceTree = "<group>"; };
		DA22602E1E06B64600FB5B9D /* CycleModel.swift */ = {isa = PBXFileReference; fileEncoding = 4; lastKnownFileType = sourcecode.swift; path = CycleModel.swift; sourceTree = "<group>"; };
		DA2260301E06BA4A00FB5B9D /* CollectionViewCycleCell.swift */ = {isa = PBXFileReference; fileEncoding = 4; lastKnownFileType = sourcecode.swift; path = CollectionViewCycleCell.swift; sourceTree = "<group>"; };
		DA2260311E06BA4A00FB5B9D /* CollectionViewCycleCell.xib */ = {isa = PBXFileReference; fileEncoding = 4; lastKnownFileType = file.xib; path = CollectionViewCycleCell.xib; sourceTree = "<group>"; };
		DA2260341E06CC5000FB5B9D /* RecommendGameView.swift */ = {isa = PBXFileReference; fileEncoding = 4; lastKnownFileType = sourcecode.swift; path = RecommendGameView.swift; sourceTree = "<group>"; };
		DA2260361E06CC5C00FB5B9D /* RecommendGameView.xib */ = {isa = PBXFileReference; fileEncoding = 4; lastKnownFileType = file.xib; path = RecommendGameView.xib; sourceTree = "<group>"; };
		DA2260381E06D06800FB5B9D /* CollectionViewGameCell.swift */ = {isa = PBXFileReference; fileEncoding = 4; lastKnownFileType = sourcecode.swift; path = CollectionViewGameCell.swift; sourceTree = "<group>"; };
		DA2260391E06D06800FB5B9D /* CollectionViewGameCell.xib */ = {isa = PBXFileReference; fileEncoding = 4; lastKnownFileType = file.xib; path = CollectionViewGameCell.xib; sourceTree = "<group>"; };
		DA257F011DCB6ED4000BD7B9 /* PageTitleView.swift */ = {isa = PBXFileReference; fileEncoding = 4; lastKnownFileType = sourcecode.swift; path = PageTitleView.swift; sourceTree = "<group>"; };
		DA257F031DCB70C1000BD7B9 /* Common.swift */ = {isa = PBXFileReference; fileEncoding = 4; lastKnownFileType = sourcecode.swift; path = Common.swift; sourceTree = "<group>"; };
		DA257F051DCB7C4E000BD7B9 /* PageContentView.swift */ = {isa = PBXFileReference; fileEncoding = 4; lastKnownFileType = sourcecode.swift; path = PageContentView.swift; sourceTree = "<group>"; };
		DA257F071DCB7E53000BD7B9 /* UIColor-Extension.swift */ = {isa = PBXFileReference; fileEncoding = 4; lastKnownFileType = sourcecode.swift; path = "UIColor-Extension.swift"; sourceTree = "<group>"; };
		DA2DFD171E0592A3001CD14E /* NSDate-Extension.swift */ = {isa = PBXFileReference; fileEncoding = 4; lastKnownFileType = sourcecode.swift; path = "NSDate-Extension.swift"; sourceTree = "<group>"; };
		DA2DFD191E059650001CD14E /* AnchorGroup.swift */ = {isa = PBXFileReference; fileEncoding = 4; lastKnownFileType = sourcecode.swift; path = AnchorGroup.swift; sourceTree = "<group>"; };
		DA2DFD1B1E059B3F001CD14E /* AnchorModel.swift */ = {isa = PBXFileReference; fileEncoding = 4; lastKnownFileType = sourcecode.swift; path = AnchorModel.swift; sourceTree = "<group>"; };
		DAA4A2931DCA55920093E4D4 /* DouYuZB.app */ = {isa = PBXFileReference; explicitFileType = wrapper.application; includeInIndex = 0; path = DouYuZB.app; sourceTree = BUILT_PRODUCTS_DIR; };
		DAA4A2961DCA55920093E4D4 /* AppDelegate.swift */ = {isa = PBXFileReference; lastKnownFileType = sourcecode.swift; path = AppDelegate.swift; sourceTree = "<group>"; };
		DAA4A29B1DCA55920093E4D4 /* Base */ = {isa = PBXFileReference; lastKnownFileType = file.storyboard; name = Base; path = Base.lproj/Main.storyboard; sourceTree = "<group>"; };
		DAA4A29D1DCA55920093E4D4 /* Assets.xcassets */ = {isa = PBXFileReference; lastKnownFileType = folder.assetcatalog; path = Assets.xcassets; sourceTree = "<group>"; };
		DAA4A2A01DCA55920093E4D4 /* Base */ = {isa = PBXFileReference; lastKnownFileType = file.storyboard; name = Base; path = Base.lproj/LaunchScreen.storyboard; sourceTree = "<group>"; };
		DAA4A2A21DCA55920093E4D4 /* Info.plist */ = {isa = PBXFileReference; lastKnownFileType = text.plist.xml; path = Info.plist; sourceTree = "<group>"; };
		DAA4A2A71DCA55920093E4D4 /* DouYuZBTests.xctest */ = {isa = PBXFileReference; explicitFileType = wrapper.cfbundle; includeInIndex = 0; path = DouYuZBTests.xctest; sourceTree = BUILT_PRODUCTS_DIR; };
		DAA4A2AB1DCA55920093E4D4 /* DouYuZBTests.swift */ = {isa = PBXFileReference; lastKnownFileType = sourcecode.swift; path = DouYuZBTests.swift; sourceTree = "<group>"; };
		DAA4A2AD1DCA55920093E4D4 /* Info.plist */ = {isa = PBXFileReference; lastKnownFileType = text.plist.xml; path = Info.plist; sourceTree = "<group>"; };
		DAA4A2B21DCA55920093E4D4 /* DouYuZBUITests.xctest */ = {isa = PBXFileReference; explicitFileType = wrapper.cfbundle; includeInIndex = 0; path = DouYuZBUITests.xctest; sourceTree = BUILT_PRODUCTS_DIR; };
		DAA4A2B61DCA55920093E4D4 /* DouYuZBUITests.swift */ = {isa = PBXFileReference; lastKnownFileType = sourcecode.swift; path = DouYuZBUITests.swift; sourceTree = "<group>"; };
		DAA4A2B81DCA55920093E4D4 /* Info.plist */ = {isa = PBXFileReference; lastKnownFileType = text.plist.xml; path = Info.plist; sourceTree = "<group>"; };
		DAA4A2CD1DCA6F100093E4D4 /* Live.storyboard */ = {isa = PBXFileReference; fileEncoding = 4; lastKnownFileType = file.storyboard; name = Live.storyboard; path = DouYuZB/Classs/Live/Live.storyboard; sourceTree = SOURCE_ROOT; };
		DAA4A2CF1DCA6F2E0093E4D4 /* Follow.storyboard */ = {isa = PBXFileReference; fileEncoding = 4; lastKnownFileType = file.storyboard; name = Follow.storyboard; path = DouYuZB/Classs/Follow/Follow.storyboard; sourceTree = SOURCE_ROOT; };
		DAA4A2D21DCA6F460093E4D4 /* Base */ = {isa = PBXFileReference; lastKnownFileType = file.storyboard; name = Base; path = DouYuZB/Base.lproj/Profile.storyboard; sourceTree = SOURCE_ROOT; };
		DAA4CBA31DCB019E00AD517B /* MainViewController.swift */ = {isa = PBXFileReference; fileEncoding = 4; lastKnownFileType = sourcecode.swift; path = MainViewController.swift; sourceTree = "<group>"; };
		DAA4CBA71DCB01D100AD517B /* Home.storyboard */ = {isa = PBXFileReference; fileEncoding = 4; lastKnownFileType = file.storyboard; path = Home.storyboard; sourceTree = "<group>"; };
		DAA4CBA91DCB01FB00AD517B /* HomeViewController.swift */ = {isa = PBXFileReference; fileEncoding = 4; lastKnownFileType = sourcecode.swift; path = HomeViewController.swift; sourceTree = "<group>"; };
		DAA4CBAC1DCB107600AD517B /* UIBarButtonItem-Extension.swift */ = {isa = PBXFileReference; fileEncoding = 4; lastKnownFileType = sourcecode.swift; path = "UIBarButtonItem-Extension.swift"; sourceTree = "<group>"; };
		DAC2B1231DDCA6E2009E2599 /* RecommendViewController.swift */ = {isa = PBXFileReference; fileEncoding = 4; lastKnownFileType = sourcecode.swift; path = RecommendViewController.swift; sourceTree = "<group>"; };
		DAC2B1251DDCB41C009E2599 /* CollectionHeaderView.swift */ = {isa = PBXFileReference; fileEncoding = 4; lastKnownFileType = sourcecode.swift; path = CollectionHeaderView.swift; sourceTree = "<group>"; };
		DAC2B1261DDCB41C009E2599 /* CollectionHeaderView.xib */ = {isa = PBXFileReference; fileEncoding = 4; lastKnownFileType = file.xib; path = CollectionHeaderView.xib; sourceTree = "<group>"; };
		DAC2B1291DDCBA0C009E2599 /* CollectionViewNormalCell.swift */ = {isa = PBXFileReference; fileEncoding = 4; lastKnownFileType = sourcecode.swift; path = CollectionViewNormalCell.swift; sourceTree = "<group>"; };
		DAC2B12A1DDCBA0C009E2599 /* CollectionViewNormalCell.xib */ = {isa = PBXFileReference; fileEncoding = 4; lastKnownFileType = file.xib; path = CollectionViewNormalCell.xib; sourceTree = "<group>"; };
		DAC2B12D1DDCC294009E2599 /* CollectionViewPrettyCell.swift */ = {isa = PBXFileReference; fileEncoding = 4; lastKnownFileType = sourcecode.swift; path = CollectionViewPrettyCell.swift; sourceTree = "<group>"; };
		DAC2B12E1DDCC294009E2599 /* CollectionViewPrettyCell.xib */ = {isa = PBXFileReference; fileEncoding = 4; lastKnownFileType = file.xib; path = CollectionViewPrettyCell.xib; sourceTree = "<group>"; };
		DAEF8DAF1DF704F600A65A3E /* NetworkTools.swift */ = {isa = PBXFileReference; fileEncoding = 4; lastKnownFileType = sourcecode.swift; path = NetworkTools.swift; sourceTree = "<group>"; };
		DAEF8DB21DF707C700A65A3E /* RecommendViewModel.swift */ = {isa = PBXFileReference; fileEncoding = 4; lastKnownFileType = sourcecode.swift; path = RecommendViewModel.swift; sourceTree = "<group>"; };
/* End PBXFileReference section */

/* Begin PBXFrameworksBuildPhase section */
		DAA4A2901DCA55920093E4D4 /* Frameworks */ = {
			isa = PBXFrameworksBuildPhase;
			buildActionMask = 2147483647;
			files = (
				0027320ED5E045F684D79E10 /* Pods_DouYuZB.framework in Frameworks */,
			);
			runOnlyForDeploymentPostprocessing = 0;
		};
		DAA4A2A41DCA55920093E4D4 /* Frameworks */ = {
			isa = PBXFrameworksBuildPhase;
			buildActionMask = 2147483647;
			files = (
				FAB90233AAF262B0DA6BC2A4 /* Pods_DouYuZBTests.framework in Frameworks */,
			);
			runOnlyForDeploymentPostprocessing = 0;
		};
		DAA4A2AF1DCA55920093E4D4 /* Frameworks */ = {
			isa = PBXFrameworksBuildPhase;
			buildActionMask = 2147483647;
			files = (
				49AE95E719FC3DB0EE8266E5 /* Pods_DouYuZBUITests.framework in Frameworks */,
			);
			runOnlyForDeploymentPostprocessing = 0;
		};
/* End PBXFrameworksBuildPhase section */

/* Begin PBXGroup section */
		13757951196A85724532CDA5 /* Frameworks */ = {
			isa = PBXGroup;
			children = (
				BAF27FDE4A8AF786C3F82EBC /* Pods_DouYuZB.framework */,
				05E3104F0A1421D140C13841 /* Pods_DouYuZBTests.framework */,
				18B7D1439B4B1A3A5E9DDE67 /* Pods_DouYuZBUITests.framework */,
			);
			name = Frameworks;
			sourceTree = "<group>";
		};
		DAA4A28A1DCA55920093E4D4 = {
			isa = PBXGroup;
			children = (
				DAA4A2951DCA55920093E4D4 /* DouYuZB */,
				DAA4A2AA1DCA55920093E4D4 /* DouYuZBTests */,
				DAA4A2B51DCA55920093E4D4 /* DouYuZBUITests */,
				DAA4A2941DCA55920093E4D4 /* Products */,
				E4249ABB178273C3C343B168 /* Pods */,
				13757951196A85724532CDA5 /* Frameworks */,
			);
			sourceTree = "<group>";
		};
		DAA4A2941DCA55920093E4D4 /* Products */ = {
			isa = PBXGroup;
			children = (
				DAA4A2931DCA55920093E4D4 /* DouYuZB.app */,
				DAA4A2A71DCA55920093E4D4 /* DouYuZBTests.xctest */,
				DAA4A2B21DCA55920093E4D4 /* DouYuZBUITests.xctest */,
			);
			name = Products;
			sourceTree = "<group>";
		};
		DAA4A2951DCA55920093E4D4 /* DouYuZB */ = {
			isa = PBXGroup;
			children = (
				DAA4A2C41DCA66E30093E4D4 /* Classs */,
				DAA4A2961DCA55920093E4D4 /* AppDelegate.swift */,
				DAA4A29D1DCA55920093E4D4 /* Assets.xcassets */,
				DAA4A29F1DCA55920093E4D4 /* LaunchScreen.storyboard */,
				DAA4A2A21DCA55920093E4D4 /* Info.plist */,
			);
			path = DouYuZB;
			sourceTree = "<group>";
		};
		DAA4A2AA1DCA55920093E4D4 /* DouYuZBTests */ = {
			isa = PBXGroup;
			children = (
				DAA4A2AB1DCA55920093E4D4 /* DouYuZBTests.swift */,
				DAA4A2AD1DCA55920093E4D4 /* Info.plist */,
			);
			path = DouYuZBTests;
			sourceTree = "<group>";
		};
		DAA4A2B51DCA55920093E4D4 /* DouYuZBUITests */ = {
			isa = PBXGroup;
			children = (
				DAA4A2B61DCA55920093E4D4 /* DouYuZBUITests.swift */,
				DAA4A2B81DCA55920093E4D4 /* Info.plist */,
			);
			path = DouYuZBUITests;
			sourceTree = "<group>";
		};
		DAA4A2C41DCA66E30093E4D4 /* Classs */ = {
			isa = PBXGroup;
			children = (
				DAA4A2C51DCA66E30093E4D4 /* Follow */,
				DAA4A2C61DCA66E30093E4D4 /* Home */,
				DAA4A2C71DCA66E30093E4D4 /* Live */,
				DAA4A2C81DCA66E30093E4D4 /* Main */,
				DAA4A2C91DCA66E30093E4D4 /* Profile */,
				DAA4A2CA1DCA66E30093E4D4 /* Tools */,
			);
			path = Classs;
			sourceTree = "<group>";
		};
		DAA4A2C51DCA66E30093E4D4 /* Follow */ = {
			isa = PBXGroup;
			children = (
				DAA4A2CF1DCA6F2E0093E4D4 /* Follow.storyboard */,
			);
			path = Follow;
			sourceTree = "<group>";
		};
		DAA4A2C61DCA66E30093E4D4 /* Home */ = {
			isa = PBXGroup;
			children = (
				DAEF8DB11DF7079C00A65A3E /* ViewModel */,
				DAA4CB9F1DCB016000AD517B /* Controller */,
				DAA4CBA01DCB016000AD517B /* Model */,
				DAA4CBA11DCB016000AD517B /* View */,
			);
			path = Home;
			sourceTree = "<group>";
		};
		DAA4A2C71DCA66E30093E4D4 /* Live */ = {
			isa = PBXGroup;
			children = (
				DAA4A2CD1DCA6F100093E4D4 /* Live.storyboard */,
			);
			path = Live;
			sourceTree = "<group>";
		};
		DAA4A2C81DCA66E30093E4D4 /* Main */ = {
			isa = PBXGroup;
			children = (
				DAA4CBA21DCB019E00AD517B /* Controller */,
				DAA4CBA41DCB019E00AD517B /* Model */,
				DAA4CBA51DCB019E00AD517B /* View */,
				DAA4A29A1DCA55920093E4D4 /* Main.storyboard */,
			);
			path = Main;
			sourceTree = "<group>";
		};
		DAA4A2C91DCA66E30093E4D4 /* Profile */ = {
			isa = PBXGroup;
			children = (
				DAA4A2D11DCA6F460093E4D4 /* Profile.storyboard */,
			);
			path = Profile;
			sourceTree = "<group>";
		};
		DAA4A2CA1DCA66E30093E4D4 /* Tools */ = {
			isa = PBXGroup;
			children = (
				DAEF8DAF1DF704F600A65A3E /* NetworkTools.swift */,
				DAA4CBAB1DCB105700AD517B /* Extension */,
				DA257F031DCB70C1000BD7B9 /* Common.swift */,
			);
			path = Tools;
			sourceTree = "<group>";
		};
		DAA4CB9F1DCB016000AD517B /* Controller */ = {
			isa = PBXGroup;
			children = (
				DAA4CBA71DCB01D100AD517B /* Home.storyboard */,
				DAA4CBA91DCB01FB00AD517B /* HomeViewController.swift */,
				DAC2B1231DDCA6E2009E2599 /* RecommendViewController.swift */,
			);
			path = Controller;
			sourceTree = "<group>";
		};
		DAA4CBA01DCB016000AD517B /* Model */ = {
			isa = PBXGroup;
			children = (
				DA22602E1E06B64600FB5B9D /* CycleModel.swift */,
			);
			path = Model;
			sourceTree = "<group>";
		};
		DAA4CBA11DCB016000AD517B /* View */ = {
			isa = PBXGroup;
			children = (
				DAC2B1251DDCB41C009E2599 /* CollectionHeaderView.swift */,
				DAC2B1261DDCB41C009E2599 /* CollectionHeaderView.xib */,
				DA22602A1E06638200FB5B9D /* RecommendCycleView.swift */,
				DA22602C1E06638F00FB5B9D /* RecommendCycleView.xib */,
				DA2260301E06BA4A00FB5B9D /* CollectionViewCycleCell.swift */,
				DA2260311E06BA4A00FB5B9D /* CollectionViewCycleCell.xib */,
				DA2260341E06CC5000FB5B9D /* RecommendGameView.swift */,
				DA2260361E06CC5C00FB5B9D /* RecommendGameView.xib */,
				DA2260381E06D06800FB5B9D /* CollectionViewGameCell.swift */,
				DA2260391E06D06800FB5B9D /* CollectionViewGameCell.xib */,
			);
			path = View;
			sourceTree = "<group>";
		};
		DAA4CBA21DCB019E00AD517B /* Controller */ = {
			isa = PBXGroup;
			children = (
				DAA4CBA31DCB019E00AD517B /* MainViewController.swift */,
			);
			path = Controller;
			sourceTree = "<group>";
		};
		DAA4CBA41DCB019E00AD517B /* Model */ = {
			isa = PBXGroup;
			children = (
				DA2DFD191E059650001CD14E /* AnchorGroup.swift */,
				DA2DFD1B1E059B3F001CD14E /* AnchorModel.swift */,
			);
			path = Model;
			sourceTree = "<group>";
		};
		DAA4CBA51DCB019E00AD517B /* View */ = {
			isa = PBXGroup;
			children = (
				DA257F011DCB6ED4000BD7B9 /* PageTitleView.swift */,
				DA257F051DCB7C4E000BD7B9 /* PageContentView.swift */,
				DAC2B1291DDCBA0C009E2599 /* CollectionViewNormalCell.swift */,
				DAC2B12A1DDCBA0C009E2599 /* CollectionViewNormalCell.xib */,
				DAC2B12D1DDCC294009E2599 /* CollectionViewPrettyCell.swift */,
				DAC2B12E1DDCC294009E2599 /* CollectionViewPrettyCell.xib */,
				DA2260281E06614200FB5B9D /* CollectionViewBaseCell.swift */,
			);
			path = View;
			sourceTree = "<group>";
		};
		DAA4CBAB1DCB105700AD517B /* Extension */ = {
			isa = PBXGroup;
			children = (
				DAA4CBAC1DCB107600AD517B /* UIBarButtonItem-Extension.swift */,
				DA257F071DCB7E53000BD7B9 /* UIColor-Extension.swift */,
				DA2DFD171E0592A3001CD14E /* NSDate-Extension.swift */,
			);
			path = Extension;
			sourceTree = "<group>";
		};
		DAEF8DB11DF7079C00A65A3E /* ViewModel */ = {
			isa = PBXGroup;
			children = (
				DAEF8DB21DF707C700A65A3E /* RecommendViewModel.swift */,
			);
			path = ViewModel;
			sourceTree = "<group>";
		};
		E4249ABB178273C3C343B168 /* Pods */ = {
			isa = PBXGroup;
			children = (
				4200827628D835D9EF2FC8C6 /* Pods-DouYuZB.debug.xcconfig */,
				5EFE97E8F86AD7E228BF29B9 /* Pods-DouYuZB.release.xcconfig */,
				A6B48205DAA4DE885FF680DC /* Pods-DouYuZBTests.debug.xcconfig */,
				1147911B19E3C08B9B8A5055 /* Pods-DouYuZBTests.release.xcconfig */,
				B6C3D8D58F0AF8498E753876 /* Pods-DouYuZBUITests.debug.xcconfig */,
				1AF9154CAF5B0C2180231F41 /* Pods-DouYuZBUITests.release.xcconfig */,
			);
			name = Pods;
			sourceTree = "<group>";
		};
/* End PBXGroup section */

/* Begin PBXNativeTarget section */
		DAA4A2921DCA55920093E4D4 /* DouYuZB */ = {
			isa = PBXNativeTarget;
			buildConfigurationList = DAA4A2BB1DCA55920093E4D4 /* Build configuration list for PBXNativeTarget "DouYuZB" */;
			buildPhases = (
				F5BD184E68E7286D938524CF /* [CP] Check Pods Manifest.lock */,
				DAA4A28F1DCA55920093E4D4 /* Sources */,
				DAA4A2901DCA55920093E4D4 /* Frameworks */,
				DAA4A2911DCA55920093E4D4 /* Resources */,
				A4692C099713425C39E02526 /* [CP] Embed Pods Frameworks */,
				6D8869A05225E4ADDD849C86 /* [CP] Copy Pods Resources */,
			);
			buildRules = (
			);
			dependencies = (
			);
			name = DouYuZB;
			productName = DouYuZB;
			productReference = DAA4A2931DCA55920093E4D4 /* DouYuZB.app */;
			productType = "com.apple.product-type.application";
		};
		DAA4A2A61DCA55920093E4D4 /* DouYuZBTests */ = {
			isa = PBXNativeTarget;
			buildConfigurationList = DAA4A2BE1DCA55920093E4D4 /* Build configuration list for PBXNativeTarget "DouYuZBTests" */;
			buildPhases = (
				CAEF8B734F934725727AC596 /* [CP] Check Pods Manifest.lock */,
				DAA4A2A31DCA55920093E4D4 /* Sources */,
				DAA4A2A41DCA55920093E4D4 /* Frameworks */,
				DAA4A2A51DCA55920093E4D4 /* Resources */,
				1BBE3CF55DF4C8AE7323982F /* [CP] Embed Pods Frameworks */,
				5293B68DAB75A1A666B12AEC /* [CP] Copy Pods Resources */,
			);
			buildRules = (
			);
			dependencies = (
				DAA4A2A91DCA55920093E4D4 /* PBXTargetDependency */,
			);
			name = DouYuZBTests;
			productName = DouYuZBTests;
			productReference = DAA4A2A71DCA55920093E4D4 /* DouYuZBTests.xctest */;
			productType = "com.apple.product-type.bundle.unit-test";
		};
		DAA4A2B11DCA55920093E4D4 /* DouYuZBUITests */ = {
			isa = PBXNativeTarget;
			buildConfigurationList = DAA4A2C11DCA55920093E4D4 /* Build configuration list for PBXNativeTarget "DouYuZBUITests" */;
			buildPhases = (
				491DD7790F0CC8632F4986A3 /* [CP] Check Pods Manifest.lock */,
				DAA4A2AE1DCA55920093E4D4 /* Sources */,
				DAA4A2AF1DCA55920093E4D4 /* Frameworks */,
				DAA4A2B01DCA55920093E4D4 /* Resources */,
				61F9792597DA122C789170AA /* [CP] Embed Pods Frameworks */,
				F54D6CAD9BA110A3758B1453 /* [CP] Copy Pods Resources */,
			);
			buildRules = (
			);
			dependencies = (
				DAA4A2B41DCA55920093E4D4 /* PBXTargetDependency */,
			);
			name = DouYuZBUITests;
			productName = DouYuZBUITests;
			productReference = DAA4A2B21DCA55920093E4D4 /* DouYuZBUITests.xctest */;
			productType = "com.apple.product-type.bundle.ui-testing";
		};
/* End PBXNativeTarget section */

/* Begin PBXProject section */
		DAA4A28B1DCA55920093E4D4 /* Project object */ = {
			isa = PBXProject;
			attributes = {
				LastSwiftUpdateCheck = 0730;
				LastUpgradeCheck = 0810;
				ORGANIZATIONNAME = "HCL黄";
				TargetAttributes = {
					DAA4A2921DCA55920093E4D4 = {
						CreatedOnToolsVersion = 7.3;
						LastSwiftMigration = 0810;
					};
					DAA4A2A61DCA55920093E4D4 = {
						CreatedOnToolsVersion = 7.3;
						LastSwiftMigration = 0810;
						TestTargetID = DAA4A2921DCA55920093E4D4;
					};
					DAA4A2B11DCA55920093E4D4 = {
						CreatedOnToolsVersion = 7.3;
						LastSwiftMigration = 0810;
						TestTargetID = DAA4A2921DCA55920093E4D4;
					};
				};
			};
			buildConfigurationList = DAA4A28E1DCA55920093E4D4 /* Build configuration list for PBXProject "DouYuZB" */;
			compatibilityVersion = "Xcode 3.2";
			developmentRegion = English;
			hasScannedForEncodings = 0;
			knownRegions = (
				en,
				Base,
			);
			mainGroup = DAA4A28A1DCA55920093E4D4;
			productRefGroup = DAA4A2941DCA55920093E4D4 /* Products */;
			projectDirPath = "";
			projectRoot = "";
			targets = (
				DAA4A2921DCA55920093E4D4 /* DouYuZB */,
				DAA4A2A61DCA55920093E4D4 /* DouYuZBTests */,
				DAA4A2B11DCA55920093E4D4 /* DouYuZBUITests */,
			);
		};
/* End PBXProject section */

/* Begin PBXResourcesBuildPhase section */
		DAA4A2911DCA55920093E4D4 /* Resources */ = {
			isa = PBXResourcesBuildPhase;
			buildActionMask = 2147483647;
			files = (
				DAA4CBA81DCB01D100AD517B /* Home.storyboard in Resources */,
				DAC2B1281DDCB41C009E2599 /* CollectionHeaderView.xib in Resources */,
				DAA4A2A11DCA55920093E4D4 /* LaunchScreen.storyboard in Resources */,
				DAA4A29E1DCA55920093E4D4 /* Assets.xcassets in Resources */,
				DAC2B1301DDCC294009E2599 /* CollectionViewPrettyCell.xib in Resources */,
				DAA4A29C1DCA55920093E4D4 /* Main.storyboard in Resources */,
				DA22603B1E06D06800FB5B9D /* CollectionViewGameCell.xib in Resources */,
				DAC2B12C1DDCBA0C009E2599 /* CollectionViewNormalCell.xib in Resources */,
				DA22602D1E06638F00FB5B9D /* RecommendCycleView.xib in Resources */,
				DAA4A2CE1DCA6F100093E4D4 /* Live.storyboard in Resources */,
				DAA4A2D31DCA6F460093E4D4 /* Profile.storyboard in Resources */,
				DAA4A2D01DCA6F2E0093E4D4 /* Follow.storyboard in Resources */,
				DA2260371E06CC5C00FB5B9D /* RecommendGameView.xib in Resources */,
				DA2260331E06BA4A00FB5B9D /* CollectionViewCycleCell.xib in Resources */,
			);
			runOnlyForDeploymentPostprocessing = 0;
		};
		DAA4A2A51DCA55920093E4D4 /* Resources */ = {
			isa = PBXResourcesBuildPhase;
			buildActionMask = 2147483647;
			files = (
			);
			runOnlyForDeploymentPostprocessing = 0;
		};
		DAA4A2B01DCA55920093E4D4 /* Resources */ = {
			isa = PBXResourcesBuildPhase;
			buildActionMask = 2147483647;
			files = (
			);
			runOnlyForDeploymentPostprocessing = 0;
		};
/* End PBXResourcesBuildPhase section */

/* Begin PBXShellScriptBuildPhase section */
		1BBE3CF55DF4C8AE7323982F /* [CP] Embed Pods Frameworks */ = {
			isa = PBXShellScriptBuildPhase;
			buildActionMask = 2147483647;
			files = (
			);
			inputPaths = (
			);
			name = "[CP] Embed Pods Frameworks";
			outputPaths = (
			);
			runOnlyForDeploymentPostprocessing = 0;
			shellPath = /bin/sh;
			shellScript = "\"${SRCROOT}/Pods/Target Support Files/Pods-DouYuZBTests/Pods-DouYuZBTests-frameworks.sh\"\n";
			showEnvVarsInLog = 0;
		};
		491DD7790F0CC8632F4986A3 /* [CP] Check Pods Manifest.lock */ = {
			isa = PBXShellScriptBuildPhase;
			buildActionMask = 2147483647;
			files = (
			);
			inputPaths = (
			);
			name = "[CP] Check Pods Manifest.lock";
			outputPaths = (
			);
			runOnlyForDeploymentPostprocessing = 0;
			shellPath = /bin/sh;
			shellScript = "diff \"${PODS_ROOT}/../Podfile.lock\" \"${PODS_ROOT}/Manifest.lock\" > /dev/null\nif [ $? != 0 ] ; then\n    # print error to STDERR\n    echo \"error: The sandbox is not in sync with the Podfile.lock. Run 'pod install' or update your CocoaPods installation.\" >&2\n    exit 1\nfi\n";
			showEnvVarsInLog = 0;
		};
		5293B68DAB75A1A666B12AEC /* [CP] Copy Pods Resources */ = {
			isa = PBXShellScriptBuildPhase;
			buildActionMask = 2147483647;
			files = (
			);
			inputPaths = (
			);
			name = "[CP] Copy Pods Resources";
			outputPaths = (
			);
			runOnlyForDeploymentPostprocessing = 0;
			shellPath = /bin/sh;
			shellScript = "\"${SRCROOT}/Pods/Target Support Files/Pods-DouYuZBTests/Pods-DouYuZBTests-resources.sh\"\n";
			showEnvVarsInLog = 0;
		};
		61F9792597DA122C789170AA /* [CP] Embed Pods Frameworks */ = {
			isa = PBXShellScriptBuildPhase;
			buildActionMask = 2147483647;
			files = (
			);
			inputPaths = (
			);
			name = "[CP] Embed Pods Frameworks";
			outputPaths = (
			);
			runOnlyForDeploymentPostprocessing = 0;
			shellPath = /bin/sh;
			shellScript = "\"${SRCROOT}/Pods/Target Support Files/Pods-DouYuZBUITests/Pods-DouYuZBUITests-frameworks.sh\"\n";
			showEnvVarsInLog = 0;
		};
		6D8869A05225E4ADDD849C86 /* [CP] Copy Pods Resources */ = {
			isa = PBXShellScriptBuildPhase;
			buildActionMask = 2147483647;
			files = (
			);
			inputPaths = (
			);
			name = "[CP] Copy Pods Resources";
			outputPaths = (
			);
			runOnlyForDeploymentPostprocessing = 0;
			shellPath = /bin/sh;
			shellScript = "\"${SRCROOT}/Pods/Target Support Files/Pods-DouYuZB/Pods-DouYuZB-resources.sh\"\n";
			showEnvVarsInLog = 0;
		};
		A4692C099713425C39E02526 /* [CP] Embed Pods Frameworks */ = {
			isa = PBXShellScriptBuildPhase;
			buildActionMask = 2147483647;
			files = (
			);
			inputPaths = (
			);
			name = "[CP] Embed Pods Frameworks";
			outputPaths = (
			);
			runOnlyForDeploymentPostprocessing = 0;
			shellPath = /bin/sh;
			shellScript = "\"${SRCROOT}/Pods/Target Support Files/Pods-DouYuZB/Pods-DouYuZB-frameworks.sh\"\n";
			showEnvVarsInLog = 0;
		};
		CAEF8B734F934725727AC596 /* [CP] Check Pods Manifest.lock */ = {
			isa = PBXShellScriptBuildPhase;
			buildActionMask = 2147483647;
			files = (
			);
			inputPaths = (
			);
			name = "[CP] Check Pods Manifest.lock";
			outputPaths = (
			);
			runOnlyForDeploymentPostprocessing = 0;
			shellPath = /bin/sh;
			shellScript = "diff \"${PODS_ROOT}/../Podfile.lock\" \"${PODS_ROOT}/Manifest.lock\" > /dev/null\nif [ $? != 0 ] ; then\n    # print error to STDERR\n    echo \"error: The sandbox is not in sync with the Podfile.lock. Run 'pod install' or update your CocoaPods installation.\" >&2\n    exit 1\nfi\n";
			showEnvVarsInLog = 0;
		};
		F54D6CAD9BA110A3758B1453 /* [CP] Copy Pods Resources */ = {
			isa = PBXShellScriptBuildPhase;
			buildActionMask = 2147483647;
			files = (
			);
			inputPaths = (
			);
			name = "[CP] Copy Pods Resources";
			outputPaths = (
			);
			runOnlyForDeploymentPostprocessing = 0;
			shellPath = /bin/sh;
			shellScript = "\"${SRCROOT}/Pods/Target Support Files/Pods-DouYuZBUITests/Pods-DouYuZBUITests-resources.sh\"\n";
			showEnvVarsInLog = 0;
		};
		F5BD184E68E7286D938524CF /* [CP] Check Pods Manifest.lock */ = {
			isa = PBXShellScriptBuildPhase;
			buildActionMask = 2147483647;
			files = (
			);
			inputPaths = (
			);
			name = "[CP] Check Pods Manifest.lock";
			outputPaths = (
			);
			runOnlyForDeploymentPostprocessing = 0;
			shellPath = /bin/sh;
			shellScript = "diff \"${PODS_ROOT}/../Podfile.lock\" \"${PODS_ROOT}/Manifest.lock\" > /dev/null\nif [ $? != 0 ] ; then\n    # print error to STDERR\n    echo \"error: The sandbox is not in sync with the Podfile.lock. Run 'pod install' or update your CocoaPods installation.\" >&2\n    exit 1\nfi\n";
			showEnvVarsInLog = 0;
		};
/* End PBXShellScriptBuildPhase section */

/* Begin PBXSourcesBuildPhase section */
		DAA4A28F1DCA55920093E4D4 /* Sources */ = {
			isa = PBXSourcesBuildPhase;
			buildActionMask = 2147483647;
			files = (
				DA22602B1E06638200FB5B9D /* RecommendCycleView.swift in Sources */,
				DAA4CBA61DCB019E00AD517B /* MainViewController.swift in Sources */,
				DAC2B1271DDCB41C009E2599 /* CollectionHeaderView.swift in Sources */,
				DA257F081DCB7E53000BD7B9 /* UIColor-Extension.swift in Sources */,
				DAC2B1241DDCA6E2009E2599 /* RecommendViewController.swift in Sources */,
				DA2DFD1A1E059650001CD14E /* AnchorGroup.swift in Sources */,
				DAA4A2971DCA55920093E4D4 /* AppDelegate.swift in Sources */,
				DAC2B12B1DDCBA0C009E2599 /* CollectionViewNormalCell.swift in Sources */,
				DA22602F1E06B64600FB5B9D /* CycleModel.swift in Sources */,
				DA2260321E06BA4A00FB5B9D /* CollectionViewCycleCell.swift in Sources */,
				DA257F021DCB6ED4000BD7B9 /* PageTitleView.swift in Sources */,
				DA257F061DCB7C4E000BD7B9 /* PageContentView.swift in Sources */,
				DA2260291E06614200FB5B9D /* CollectionViewBaseCell.swift in Sources */,
				DA2260351E06CC5000FB5B9D /* RecommendGameView.swift in Sources */,
				DA22603A1E06D06800FB5B9D /* CollectionViewGameCell.swift in Sources */,
				DAC2B12F1DDCC294009E2599 /* CollectionViewPrettyCell.swift in Sources */,
				DAA4CBAD1DCB107600AD517B /* UIBarButtonItem-Extension.swift in Sources */,
				DA2DFD181E0592A3001CD14E /* NSDate-Extension.swift in Sources */,
				DA257F041DCB70C1000BD7B9 /* Common.swift in Sources */,
				DAEF8DB01DF704F600A65A3E /* NetworkTools.swift in Sources */,
				DAA4CBAA1DCB01FB00AD517B /* HomeViewController.swift in Sources */,
				DAEF8DB31DF707C700A65A3E /* RecommendViewModel.swift in Sources */,
				DA2DFD1C1E059B3F001CD14E /* AnchorModel.swift in Sources */,
			);
			runOnlyForDeploymentPostprocessing = 0;
		};
		DAA4A2A31DCA55920093E4D4 /* Sources */ = {
			isa = PBXSourcesBuildPhase;
			buildActionMask = 2147483647;
			files = (
				DAA4A2AC1DCA55920093E4D4 /* DouYuZBTests.swift in Sources */,
			);
			runOnlyForDeploymentPostprocessing = 0;
		};
		DAA4A2AE1DCA55920093E4D4 /* Sources */ = {
			isa = PBXSourcesBuildPhase;
			buildActionMask = 2147483647;
			files = (
				DAA4A2B71DCA55920093E4D4 /* DouYuZBUITests.swift in Sources */,
			);
			runOnlyForDeploymentPostprocessing = 0;
		};
/* End PBXSourcesBuildPhase section */

/* Begin PBXTargetDependency section */
		DAA4A2A91DCA55920093E4D4 /* PBXTargetDependency */ = {
			isa = PBXTargetDependency;
			target = DAA4A2921DCA55920093E4D4 /* DouYuZB */;
			targetProxy = DAA4A2A81DCA55920093E4D4 /* PBXContainerItemProxy */;
		};
		DAA4A2B41DCA55920093E4D4 /* PBXTargetDependency */ = {
			isa = PBXTargetDependency;
			target = DAA4A2921DCA55920093E4D4 /* DouYuZB */;
			targetProxy = DAA4A2B31DCA55920093E4D4 /* PBXContainerItemProxy */;
		};
/* End PBXTargetDependency section */

/* Begin PBXVariantGroup section */
		DAA4A29A1DCA55920093E4D4 /* Main.storyboard */ = {
			isa = PBXVariantGroup;
			children = (
				DAA4A29B1DCA55920093E4D4 /* Base */,
			);
			name = Main.storyboard;
			path = ../..;
			sourceTree = "<group>";
		};
		DAA4A29F1DCA55920093E4D4 /* LaunchScreen.storyboard */ = {
			isa = PBXVariantGroup;
			children = (
				DAA4A2A01DCA55920093E4D4 /* Base */,
			);
			name = LaunchScreen.storyboard;
			sourceTree = "<group>";
		};
		DAA4A2D11DCA6F460093E4D4 /* Profile.storyboard */ = {
			isa = PBXVariantGroup;
			children = (
				DAA4A2D21DCA6F460093E4D4 /* Base */,
			);
			name = Profile.storyboard;
			path = ../Main;
			sourceTree = "<group>";
		};
/* End PBXVariantGroup section */

/* Begin XCBuildConfiguration section */
		DAA4A2B91DCA55920093E4D4 /* Debug */ = {
			isa = XCBuildConfiguration;
			buildSettings = {
				ALWAYS_SEARCH_USER_PATHS = NO;
				CLANG_ANALYZER_NONNULL = YES;
				CLANG_CXX_LANGUAGE_STANDARD = "gnu++0x";
				CLANG_CXX_LIBRARY = "libc++";
				CLANG_ENABLE_MODULES = YES;
				CLANG_ENABLE_OBJC_ARC = YES;
				CLANG_WARN_BOOL_CONVERSION = YES;
				CLANG_WARN_CONSTANT_CONVERSION = YES;
				CLANG_WARN_DIRECT_OBJC_ISA_USAGE = YES_ERROR;
				CLANG_WARN_EMPTY_BODY = YES;
				CLANG_WARN_ENUM_CONVERSION = YES;
				CLANG_WARN_INFINITE_RECURSION = YES;
				CLANG_WARN_INT_CONVERSION = YES;
				CLANG_WARN_OBJC_ROOT_CLASS = YES_ERROR;
				CLANG_WARN_SUSPICIOUS_MOVE = YES;
				CLANG_WARN_UNREACHABLE_CODE = YES;
				CLANG_WARN__DUPLICATE_METHOD_MATCH = YES;
				"CODE_SIGN_IDENTITY[sdk=iphoneos*]" = "iPhone Developer";
				COPY_PHASE_STRIP = NO;
				DEBUG_INFORMATION_FORMAT = dwarf;
				ENABLE_STRICT_OBJC_MSGSEND = YES;
				ENABLE_TESTABILITY = YES;
				GCC_C_LANGUAGE_STANDARD = gnu99;
				GCC_DYNAMIC_NO_PIC = NO;
				GCC_NO_COMMON_BLOCKS = YES;
				GCC_OPTIMIZATION_LEVEL = 0;
				GCC_PREPROCESSOR_DEFINITIONS = (
					"DEBUG=1",
					"$(inherited)",
				);
				GCC_WARN_64_TO_32_BIT_CONVERSION = YES;
				GCC_WARN_ABOUT_RETURN_TYPE = YES_ERROR;
				GCC_WARN_UNDECLARED_SELECTOR = YES;
				GCC_WARN_UNINITIALIZED_AUTOS = YES_AGGRESSIVE;
				GCC_WARN_UNUSED_FUNCTION = YES;
				GCC_WARN_UNUSED_VARIABLE = YES;
				IPHONEOS_DEPLOYMENT_TARGET = 9.3;
				MTL_ENABLE_DEBUG_INFO = YES;
				ONLY_ACTIVE_ARCH = YES;
				SDKROOT = iphoneos;
				SWIFT_OPTIMIZATION_LEVEL = "-Onone";
				TARGETED_DEVICE_FAMILY = "1,2";
			};
			name = Debug;
		};
		DAA4A2BA1DCA55920093E4D4 /* Release */ = {
			isa = XCBuildConfiguration;
			buildSettings = {
				ALWAYS_SEARCH_USER_PATHS = NO;
				CLANG_ANALYZER_NONNULL = YES;
				CLANG_CXX_LANGUAGE_STANDARD = "gnu++0x";
				CLANG_CXX_LIBRARY = "libc++";
				CLANG_ENABLE_MODULES = YES;
				CLANG_ENABLE_OBJC_ARC = YES;
				CLANG_WARN_BOOL_CONVERSION = YES;
				CLANG_WARN_CONSTANT_CONVERSION = YES;
				CLANG_WARN_DIRECT_OBJC_ISA_USAGE = YES_ERROR;
				CLANG_WARN_EMPTY_BODY = YES;
				CLANG_WARN_ENUM_CONVERSION = YES;
				CLANG_WARN_INFINITE_RECURSION = YES;
				CLANG_WARN_INT_CONVERSION = YES;
				CLANG_WARN_OBJC_ROOT_CLASS = YES_ERROR;
				CLANG_WARN_SUSPICIOUS_MOVE = YES;
				CLANG_WARN_UNREACHABLE_CODE = YES;
				CLANG_WARN__DUPLICATE_METHOD_MATCH = YES;
				"CODE_SIGN_IDENTITY[sdk=iphoneos*]" = "iPhone Developer";
				COPY_PHASE_STRIP = NO;
				DEBUG_INFORMATION_FORMAT = "dwarf-with-dsym";
				ENABLE_NS_ASSERTIONS = NO;
				ENABLE_STRICT_OBJC_MSGSEND = YES;
				GCC_C_LANGUAGE_STANDARD = gnu99;
				GCC_NO_COMMON_BLOCKS = YES;
				GCC_WARN_64_TO_32_BIT_CONVERSION = YES;
				GCC_WARN_ABOUT_RETURN_TYPE = YES_ERROR;
				GCC_WARN_UNDECLARED_SELECTOR = YES;
				GCC_WARN_UNINITIALIZED_AUTOS = YES_AGGRESSIVE;
				GCC_WARN_UNUSED_FUNCTION = YES;
				GCC_WARN_UNUSED_VARIABLE = YES;
				IPHONEOS_DEPLOYMENT_TARGET = 9.3;
				MTL_ENABLE_DEBUG_INFO = NO;
				SDKROOT = iphoneos;
				SWIFT_OPTIMIZATION_LEVEL = "-Owholemodule";
				TARGETED_DEVICE_FAMILY = "1,2";
				VALIDATE_PRODUCT = YES;
			};
			name = Release;
		};
		DAA4A2BC1DCA55920093E4D4 /* Debug */ = {
			isa = XCBuildConfiguration;
			baseConfigurationReference = 4200827628D835D9EF2FC8C6 /* Pods-DouYuZB.debug.xcconfig */;
			buildSettings = {
				ASSETCATALOG_COMPILER_APPICON_NAME = AppIcon;
				ASSETCATALOG_COMPILER_LAUNCHIMAGE_NAME = "Brand Assets";
				INFOPLIST_FILE = DouYuZB/Info.plist;
				IPHONEOS_DEPLOYMENT_TARGET = 9.0;
				LD_RUNPATH_SEARCH_PATHS = "$(inherited) @executable_path/Frameworks";
				PRODUCT_BUNDLE_IDENTIFIER = com.zwhy.DouYuZB;
				PRODUCT_NAME = "$(TARGET_NAME)";
				SWIFT_VERSION = 3.0;
			};
			name = Debug;
		};
		DAA4A2BD1DCA55920093E4D4 /* Release */ = {
			isa = XCBuildConfiguration;
			baseConfigurationReference = 5EFE97E8F86AD7E228BF29B9 /* Pods-DouYuZB.release.xcconfig */;
			buildSettings = {
				ASSETCATALOG_COMPILER_APPICON_NAME = AppIcon;
				ASSETCATALOG_COMPILER_LAUNCHIMAGE_NAME = "Brand Assets";
				INFOPLIST_FILE = DouYuZB/Info.plist;
				IPHONEOS_DEPLOYMENT_TARGET = 9.0;
				LD_RUNPATH_SEARCH_PATHS = "$(inherited) @executable_path/Frameworks";
				PRODUCT_BUNDLE_IDENTIFIER = com.zwhy.DouYuZB;
				PRODUCT_NAME = "$(TARGET_NAME)";
				SWIFT_VERSION = 3.0;
			};
			name = Release;
		};
		DAA4A2BF1DCA55920093E4D4 /* Debug */ = {
			isa = XCBuildConfiguration;
			baseConfigurationReference = A6B48205DAA4DE885FF680DC /* Pods-DouYuZBTests.debug.xcconfig */;
			buildSettings = {
				BUNDLE_LOADER = "$(TEST_HOST)";
				INFOPLIST_FILE = DouYuZBTests/Info.plist;
				LD_RUNPATH_SEARCH_PATHS = "$(inherited) @executable_path/Frameworks @loader_path/Frameworks";
				PRODUCT_BUNDLE_IDENTIFIER = com.zwhy.DouYuZBTests;
				PRODUCT_NAME = "$(TARGET_NAME)";
				SWIFT_VERSION = 3.0;
				TEST_HOST = "$(BUILT_PRODUCTS_DIR)/DouYuZB.app/DouYuZB";
			};
			name = Debug;
		};
		DAA4A2C01DCA55920093E4D4 /* Release */ = {
			isa = XCBuildConfiguration;
			baseConfigurationReference = 1147911B19E3C08B9B8A5055 /* Pods-DouYuZBTests.release.xcconfig */;
			buildSettings = {
				BUNDLE_LOADER = "$(TEST_HOST)";
				INFOPLIST_FILE = DouYuZBTests/Info.plist;
				LD_RUNPATH_SEARCH_PATHS = "$(inherited) @executable_path/Frameworks @loader_path/Frameworks";
				PRODUCT_BUNDLE_IDENTIFIER = com.zwhy.DouYuZBTests;
				PRODUCT_NAME = "$(TARGET_NAME)";
				SWIFT_VERSION = 3.0;
				TEST_HOST = "$(BUILT_PRODUCTS_DIR)/DouYuZB.app/DouYuZB";
			};
			name = Release;
		};
		DAA4A2C21DCA55920093E4D4 /* Debug */ = {
			isa = XCBuildConfiguration;
			baseConfigurationReference = B6C3D8D58F0AF8498E753876 /* Pods-DouYuZBUITests.debug.xcconfig */;
			buildSettings = {
				INFOPLIST_FILE = DouYuZBUITests/Info.plist;
				LD_RUNPATH_SEARCH_PATHS = "$(inherited) @executable_path/Frameworks @loader_path/Frameworks";
				PRODUCT_BUNDLE_IDENTIFIER = com.zwhy.DouYuZBUITests;
				PRODUCT_NAME = "$(TARGET_NAME)";
				SWIFT_VERSION = 3.0;
				TEST_TARGET_NAME = DouYuZB;
			};
			name = Debug;
		};
		DAA4A2C31DCA55920093E4D4 /* Release */ = {
			isa = XCBuildConfiguration;
			baseConfigurationReference = 1AF9154CAF5B0C2180231F41 /* Pods-DouYuZBUITests.release.xcconfig */;
			buildSettings = {
				INFOPLIST_FILE = DouYuZBUITests/Info.plist;
				LD_RUNPATH_SEARCH_PATHS = "$(inherited) @executable_path/Frameworks @loader_path/Frameworks";
				PRODUCT_BUNDLE_IDENTIFIER = com.zwhy.DouYuZBUITests;
				PRODUCT_NAME = "$(TARGET_NAME)";
				SWIFT_VERSION = 3.0;
				TEST_TARGET_NAME = DouYuZB;
			};
			name = Release;
		};
/* End XCBuildConfiguration section */

/* Begin XCConfigurationList section */
		DAA4A28E1DCA55920093E4D4 /* Build configuration list for PBXProject "DouYuZB" */ = {
			isa = XCConfigurationList;
			buildConfigurations = (
				DAA4A2B91DCA55920093E4D4 /* Debug */,
				DAA4A2BA1DCA55920093E4D4 /* Release */,
			);
			defaultConfigurationIsVisible = 0;
			defaultConfigurationName = Release;
		};
		DAA4A2BB1DCA55920093E4D4 /* Build configuration list for PBXNativeTarget "DouYuZB" */ = {
			isa = XCConfigurationList;
			buildConfigurations = (
				DAA4A2BC1DCA55920093E4D4 /* Debug */,
				DAA4A2BD1DCA55920093E4D4 /* Release */,
			);
			defaultConfigurationIsVisible = 0;
			defaultConfigurationName = Release;
		};
		DAA4A2BE1DCA55920093E4D4 /* Build configuration list for PBXNativeTarget "DouYuZBTests" */ = {
			isa = XCConfigurationList;
			buildConfigurations = (
				DAA4A2BF1DCA55920093E4D4 /* Debug */,
				DAA4A2C01DCA55920093E4D4 /* Release */,
			);
			defaultConfigurationIsVisible = 0;
			defaultConfigurationName = Release;
		};
		DAA4A2C11DCA55920093E4D4 /* Build configuration list for PBXNativeTarget "DouYuZBUITests" */ = {
			isa = XCConfigurationList;
			buildConfigurations = (
				DAA4A2C21DCA55920093E4D4 /* Debug */,
				DAA4A2C31DCA55920093E4D4 /* Release */,
			);
			defaultConfigurationIsVisible = 0;
			defaultConfigurationName = Release;
		};
/* End XCConfigurationList section */
	};
	rootObject = DAA4A28B1DCA55920093E4D4 /* Project object */;
}
